
Microsoft Visual Studio Solution File, Format Version 12.00
# Visual Studio 2013
VisualStudioVersion = 12.0.40629.0
MinimumVisualStudioVersion = 10.0.40219.1
Project("{8BC9CEB8-8B4A-11D0-8D11-00A0C91BC942}") = "clustering", "clustering\clustering.vcxproj", "{4FE446E0-0A14-491C-8D9C-19B64A498BED}"
EndProject
Project("{8BC9CEB8-8B4A-11D0-8D11-00A0C91BC942}") = "MDS", "MDS\MDS.vcxproj", "{E20FFA9A-B6AE-4D7F-A991-0F3AD3D57AFB}"
EndProject
Project("{8BC9CEB8-8B4A-11D0-8D11-00A0C91BC942}") = "LAMP", "LAMP\LAMP.vcxproj", "{CA56698D-BD5D-4D59-91C4-FC883031E96B}"
EndProject
Project("{8BC9CEB8-8B4A-11D0-8D11-00A0C91BC942}") = "dataprovider", "dataprovider\dataprovider.vcxproj", "{98DC957E-3F17-45C8-9649-24A486A69D45}"
EndProject
Project("{8BC9CEB8-8B4A-11D0-8D11-00A0C91BC942}") = "CppWrapper", "CppWrapper\cppwrapper.vcxproj", "{AFA1A63A-D003-4A89-8CCC-98F56163C58A}"
EndProject
Project("{FAE04EC0-301F-11D3-BF4B-00C04F79EFBC}") = "PDataVis", "PDataVis\PDataVis.csproj", "{DC53D44A-B16C-4293-9C72-03FA30783EC0}"
EndProject
Global
	GlobalSection(SolutionConfigurationPlatforms) = preSolution
		Debug|Any CPU = Debug|Any CPU
		Debug|Mixed Platforms = Debug|Mixed Platforms
		Debug|Win32 = Debug|Win32
		Release|Any CPU = Release|Any CPU
		Release|Mixed Platforms = Release|Mixed Platforms
		Release|Win32 = Release|Win32
	EndGlobalSection
	GlobalSection(ProjectConfigurationPlatforms) = postSolution
		{4FE446E0-0A14-491C-8D9C-19B64A498BED}.Debug|Any CPU.ActiveCfg = Debug|Win32
		{4FE446E0-0A14-491C-8D9C-19B64A498BED}.Debug|Mixed Platforms.ActiveCfg = Debug|Win32
		{4FE446E0-0A14-491C-8D9C-19B64A498BED}.Debug|Mixed Platforms.Build.0 = Debug|Win32
		{4FE446E0-0A14-491C-8D9C-19B64A498BED}.Debug|Win32.ActiveCfg = Debug|Win32
		{4FE446E0-0A14-491C-8D9C-19B64A498BED}.Debug|Win32.Build.0 = Debug|Win32
		{4FE446E0-0A14-491C-8D9C-19B64A498BED}.Release|Any CPU.ActiveCfg = Release|Win32
		{4FE446E0-0A14-491C-8D9C-19B64A498BED}.Release|Mixed Platforms.ActiveCfg = Release|Win32
		{4FE446E0-0A14-491C-8D9C-19B64A498BED}.Release|Mixed Platforms.Build.0 = Release|Win32
		{4FE446E0-0A14-491C-8D9C-19B64A498BED}.Release|Win32.ActiveCfg = Release|Win32
		{4FE446E0-0A14-491C-8D9C-19B64A498BED}.Release|Win32.Build.0 = Release|Win32
		{E20FFA9A-B6AE-4D7F-A991-0F3AD3D57AFB}.Debug|Any CPU.ActiveCfg = Debug|Win32
		{E20FFA9A-B6AE-4D7F-A991-0F3AD3D57AFB}.Debug|Mixed Platforms.ActiveCfg = Debug|Win32
		{E20FFA9A-B6AE-4D7F-A991-0F3AD3D57AFB}.Debug|Mixed Platforms.Build.0 = Debug|Win32
		{E20FFA9A-B6AE-4D7F-A991-0F3AD3D57AFB}.Debug|Win32.ActiveCfg = Debug|Win32
		{E20FFA9A-B6AE-4D7F-A991-0F3AD3D57AFB}.Debug|Win32.Build.0 = Debug|Win32
		{E20FFA9A-B6AE-4D7F-A991-0F3AD3D57AFB}.Release|Any CPU.ActiveCfg = Release|Win32
		{E20FFA9A-B6AE-4D7F-A991-0F3AD3D57AFB}.Release|Mixed Platforms.ActiveCfg = Release|Win32
		{E20FFA9A-B6AE-4D7F-A991-0F3AD3D57AFB}.Release|Mixed Platforms.Build.0 = Release|Win32
		{E20FFA9A-B6AE-4D7F-A991-0F3AD3D57AFB}.Release|Win32.ActiveCfg = Release|Win32
		{E20FFA9A-B6AE-4D7F-A991-0F3AD3D57AFB}.Release|Win32.Build.0 = Release|Win32
		{CA56698D-BD5D-4D59-91C4-FC883031E96B}.Debug|Any CPU.ActiveCfg = Debug|Win32
		{CA56698D-BD5D-4D59-91C4-FC883031E96B}.Debug|Mixed Platforms.ActiveCfg = Debug|Win32
		{CA56698D-BD5D-4D59-91C4-FC883031E96B}.Debug|Mixed Platforms.Build.0 = Debug|Win32
		{CA56698D-BD5D-4D59-91C4-FC883031E96B}.Debug|Win32.ActiveCfg = Debug|Win32
		{CA56698D-BD5D-4D59-91C4-FC883031E96B}.Debug|Win32.Build.0 = Debug|Win32
		{CA56698D-BD5D-4D59-91C4-FC883031E96B}.Release|Any CPU.ActiveCfg = Release|Win32
		{CA56698D-BD5D-4D59-91C4-FC883031E96B}.Release|Mixed Platforms.ActiveCfg = Release|Win32
		{CA56698D-BD5D-4D59-91C4-FC883031E96B}.Release|Mixed Platforms.Build.0 = Release|Win32
		{CA56698D-BD5D-4D59-91C4-FC883031E96B}.Release|Win32.ActiveCfg = Release|Win32
		{CA56698D-BD5D-4D59-91C4-FC883031E96B}.Release|Win32.Build.0 = Release|Win32
		{98DC957E-3F17-45C8-9649-24A486A69D45}.Debug|Any CPU.ActiveCfg = Debug|Win32
		{98DC957E-3F17-45C8-9649-24A486A69D45}.Debug|Mixed Platforms.ActiveCfg = Debug|Win32
		{98DC957E-3F17-45C8-9649-24A486A69D45}.Debug|Mixed Platforms.Build.0 = Debug|Win32
		{98DC957E-3F17-45C8-9649-24A486A69D45}.Debug|Win32.ActiveCfg = Debug|Win32
		{98DC957E-3F17-45C8-9649-24A486A69D45}.Debug|Win32.Build.0 = Debug|Win32
		{98DC957E-3F17-45C8-9649-24A486A69D45}.Release|Any CPU.ActiveCfg = Release|Win32
		{98DC957E-3F17-45C8-9649-24A486A69D45}.Release|Mixed Platforms.ActiveCfg = Release|Win32
		{98DC957E-3F17-45C8-9649-24A486A69D45}.Release|Mixed Platforms.Build.0 = Release|Win32
		{98DC957E-3F17-45C8-9649-24A486A69D45}.Release|Win32.ActiveCfg = Release|Win32
		{98DC957E-3F17-45C8-9649-24A486A69D45}.Release|Win32.Build.0 = Release|Win32
		{AFA1A63A-D003-4A89-8CCC-98F56163C58A}.Debug|Any CPU.ActiveCfg = Debug|Win32
		{AFA1A63A-D003-4A89-8CCC-98F56163C58A}.Debug|Mixed Platforms.ActiveCfg = Debug|Win32
		{AFA1A63A-D003-4A89-8CCC-98F56163C58A}.Debug|Mixed Platforms.Build.0 = Debug|Win32
		{AFA1A63A-D003-4A89-8CCC-98F56163C58A}.Debug|Win32.ActiveCfg = Debug|Win32
		{AFA1A63A-D003-4A89-8CCC-98F56163C58A}.Debug|Win32.Build.0 = Debug|Win32
		{AFA1A63A-D003-4A89-8CCC-98F56163C58A}.Release|Any CPU.ActiveCfg = Release|Win32
		{AFA1A63A-D003-4A89-8CCC-98F56163C58A}.Release|Mixed Platforms.ActiveCfg = Release|Win32
		{AFA1A63A-D003-4A89-8CCC-98F56163C58A}.Release|Mixed Platforms.Build.0 = Release|Win32
		{AFA1A63A-D003-4A89-8CCC-98F56163C58A}.Release|Win32.ActiveCfg = Release|Win32
		{AFA1A63A-D003-4A89-8CCC-98F56163C58A}.Release|Win32.Build.0 = Release|Win32
		{DC53D44A-B16C-4293-9C72-03FA30783EC0}.Debug|Any CPU.ActiveCfg = Debug|Any CPU
		{DC53D44A-B16C-4293-9C72-03FA30783EC0}.Debug|Any CPU.Build.0 = Debug|Any CPU
		{DC53D44A-B16C-4293-9C72-03FA30783EC0}.Debug|Mixed Platforms.ActiveCfg = Debug|Any CPU
		{DC53D44A-B16C-4293-9C72-03FA30783EC0}.Debug|Mixed Platforms.Build.0 = Debug|Any CPU
		{DC53D44A-B16C-4293-9C72-03FA30783EC0}.Debug|Win32.ActiveCfg = Debug|Any CPU
		{DC53D44A-B16C-4293-9C72-03FA30783EC0}.Release|Any CPU.ActiveCfg = Release|Any CPU
		{DC53D44A-B16C-4293-9C72-03FA30783EC0}.Release|Any CPU.Build.0 = Release|Any CPU
		{DC53D44A-B16C-4293-9C72-03FA30783EC0}.Release|Mixed Platforms.ActiveCfg = Release|Any CPU
		{DC53D44A-B16C-4293-9C72-03FA30783EC0}.Release|Mixed Platforms.Build.0 = Release|Any CPU
		{DC53D44A-B16C-4293-9C72-03FA30783EC0}.Release|Win32.ActiveCfg = Release|Any CPU
	EndGlobalSection
	GlobalSection(SolutionProperties) = preSolution
		HideSolutionNode = FALSE
	EndGlobalSection
EndGlobal
